{
  "name": "create-node-base-kit",
  "version": "1.0.0",
  "lockfileVersion": 3,
  "requires": true,
  "packages": {
    "": {
      "name": "create-node-base-kit",
      "version": "1.0.0",
      "license": "MIT",
      "dependencies": {
        "node-base-kit": "^1.0.0"
      },
      "bin": {
        "create-node-base-kit": "cli.js"
      },
      "engines": {
        "node": ">=18"
      }
    },
    "..": {
      "version": "1.0.0",
      "license": "MIT",
      "bin": {
        "node-base-kit": "bin/cli.js"
      },
      "engines": {
        "node": ">=18"
      }
    },
    "node_modules/node-base-kit": {
      "resolved": "..",
      "link": true
    }
  }
}
